
Microsoft Visual Studio Solution File, Format Version 12.00
# Visual Studio Version 17
VisualStudioVersion = 17.7.34202.233
MinimumVisualStudioVersion = 10.0.40219.1
Project("{FAE04EC0-301F-11D3-BF4B-00C04F79EFBC}") = "Xakml.Common.Extensions", "Xakml.Common.Extensions\Xakml.Common.Extensions.csproj", "{5501D407-5B10-4DC0-938D-2620EEA64E96}"
EndProject
Project("{FAE04EC0-301F-11D3-BF4B-00C04F79EFBC}") = "Xakml.Common.Toolkit", "Xakml.Common.Toolkit\Xakml.Common.Toolkit.csproj", "{5CAC7E7A-79D4-48A2-80A1-4781A8137D44}"
EndProject
Global
	GlobalSection(SolutionConfigurationPlatforms) = preSolution
		Debug|Any CPU = Debug|Any CPU
		Release|Any CPU = Release|Any CPU
	EndGlobalSection
	GlobalSection(ProjectConfigurationPlatforms) = postSolution
		{5501D407-5B10-4DC0-938D-2620EEA64E96}.Debug|Any CPU.ActiveCfg = Debug|Any CPU
		{5501D407-5B10-4DC0-938D-2620EEA64E96}.Debug|Any CPU.Build.0 = Debug|Any CPU
		{5501D407-5B10-4DC0-938D-2620EEA64E96}.Release|Any CPU.ActiveCfg = Release|Any CPU
		{5501D407-5B10-4DC0-938D-2620EEA64E96}.Release|Any CPU.Build.0 = Release|Any CPU
		{5CAC7E7A-79D4-48A2-80A1-4781A8137D44}.Debug|Any CPU.ActiveCfg = Debug|Any CPU
		{5CAC7E7A-79D4-48A2-80A1-4781A8137D44}.Debug|Any CPU.Build.0 = Debug|Any CPU
		{5CAC7E7A-79D4-48A2-80A1-4781A8137D44}.Release|Any CPU.ActiveCfg = Release|Any CPU
		{5CAC7E7A-79D4-48A2-80A1-4781A8137D44}.Release|Any CPU.Build.0 = Release|Any CPU
	EndGlobalSection
	GlobalSection(SolutionProperties) = preSolution
		HideSolutionNode = FALSE
	EndGlobalSection
	GlobalSection(ExtensibilityGlobals) = postSolution
		SolutionGuid = {69650867-F0AA-4E6A-AAE8-9920FC4F01F9}
	EndGlobalSection
EndGlobal
